
Microsoft Visual Studio Solution File, Format Version 12.00
# Visual Studio Version 16
VisualStudioVersion = 16.0.30413.136
MinimumVisualStudioVersion = 10.0.40219.1
Project("{FAE04EC0-301F-11D3-BF4B-00C04F79EFBC}") = "TumblrClientApp.Android", "TumblrClientApp\TumblrClientApp.Android\TumblrClientApp.Android.csproj", "{66434B02-6088-42C2-8FF8-9D63020CD319}"
EndProject
Project("{9A19103F-16F7-4668-BE54-9A1E7A4F7556}") = "TumblrClientApp", "TumblrClientApp\TumblrClientApp\TumblrClientApp.csproj", "{B86F8641-6687-4140-B792-C0131054DA95}"
EndProject
Project("{FAE04EC0-301F-11D3-BF4B-00C04F79EFBC}") = "Tests", "Tests\Tests.csproj", "{E517AF47-D664-4174-B497-98471C87F952}"
EndProject
Global
	GlobalSection(SolutionConfigurationPlatforms) = preSolution
		Debug|Any CPU = Debug|Any CPU
		Release|Any CPU = Release|Any CPU
	EndGlobalSection
	GlobalSection(ProjectConfigurationPlatforms) = postSolution
		{66434B02-6088-42C2-8FF8-9D63020CD319}.Debug|Any CPU.ActiveCfg = Debug|Any CPU
		{66434B02-6088-42C2-8FF8-9D63020CD319}.Debug|Any CPU.Build.0 = Debug|Any CPU
		{66434B02-6088-42C2-8FF8-9D63020CD319}.Debug|Any CPU.Deploy.0 = Debug|Any CPU
		{66434B02-6088-42C2-8FF8-9D63020CD319}.Release|Any CPU.ActiveCfg = Release|Any CPU
		{66434B02-6088-42C2-8FF8-9D63020CD319}.Release|Any CPU.Build.0 = Release|Any CPU
		{66434B02-6088-42C2-8FF8-9D63020CD319}.Release|Any CPU.Deploy.0 = Release|Any CPU
		{B86F8641-6687-4140-B792-C0131054DA95}.Debug|Any CPU.ActiveCfg = Debug|Any CPU
		{B86F8641-6687-4140-B792-C0131054DA95}.Debug|Any CPU.Build.0 = Debug|Any CPU
		{B86F8641-6687-4140-B792-C0131054DA95}.Debug|Any CPU.Deploy.0 = Debug|Any CPU
		{B86F8641-6687-4140-B792-C0131054DA95}.Release|Any CPU.ActiveCfg = Release|Any CPU
		{B86F8641-6687-4140-B792-C0131054DA95}.Release|Any CPU.Build.0 = Release|Any CPU
		{B86F8641-6687-4140-B792-C0131054DA95}.Release|Any CPU.Deploy.0 = Release|Any CPU
		{E517AF47-D664-4174-B497-98471C87F952}.Debug|Any CPU.ActiveCfg = Debug|Any CPU
		{E517AF47-D664-4174-B497-98471C87F952}.Debug|Any CPU.Build.0 = Debug|Any CPU
		{E517AF47-D664-4174-B497-98471C87F952}.Release|Any CPU.ActiveCfg = Release|Any CPU
		{E517AF47-D664-4174-B497-98471C87F952}.Release|Any CPU.Build.0 = Release|Any CPU
	EndGlobalSection
	GlobalSection(SolutionProperties) = preSolution
		HideSolutionNode = FALSE
	EndGlobalSection
	GlobalSection(ExtensibilityGlobals) = postSolution
		SolutionGuid = {CEBD7B78-804F-4F58-8F21-763E0E405358}
	EndGlobalSection
EndGlobal
